
Microsoft Visual Studio Solution File, Format Version 12.00
# Visual Studio Version 17
VisualStudioVersion = 17.9.34723.18
MinimumVisualStudioVersion = 10.0.40219.1
Project("{FAE04EC0-301F-11D3-BF4B-00C04F79EFBC}") = "ProductApi", "ProductApi\ProductApi.csproj", "{2AC766D7-BE7A-467B-A4EB-7C6CE98F006F}"
EndProject
Project("{FAE04EC0-301F-11D3-BF4B-00C04F79EFBC}") = "OrderApi", "OrderApi\OrderApi.csproj", "{2AFF60EE-11C7-4DBD-9A42-C32B0257119C}"
EndProject
Project("{FAE04EC0-301F-11D3-BF4B-00C04F79EFBC}") = "OcelotGateway.Microservices", "OcelotGateway.Microservices\OcelotGateway.Microservices.csproj", "{5FFA559B-5F0F-4744-B12B-45D08F7A824B}"
EndProject
Global
	GlobalSection(SolutionConfigurationPlatforms) = preSolution
		Debug|Any CPU = Debug|Any CPU
		Release|Any CPU = Release|Any CPU
	EndGlobalSection
	GlobalSection(ProjectConfigurationPlatforms) = postSolution
		{2AC766D7-BE7A-467B-A4EB-7C6CE98F006F}.Debug|Any CPU.ActiveCfg = Debug|Any CPU
		{2AC766D7-BE7A-467B-A4EB-7C6CE98F006F}.Debug|Any CPU.Build.0 = Debug|Any CPU
		{2AC766D7-BE7A-467B-A4EB-7C6CE98F006F}.Release|Any CPU.ActiveCfg = Release|Any CPU
		{2AC766D7-BE7A-467B-A4EB-7C6CE98F006F}.Release|Any CPU.Build.0 = Release|Any CPU
		{2AFF60EE-11C7-4DBD-9A42-C32B0257119C}.Debug|Any CPU.ActiveCfg = Debug|Any CPU
		{2AFF60EE-11C7-4DBD-9A42-C32B0257119C}.Debug|Any CPU.Build.0 = Debug|Any CPU
		{2AFF60EE-11C7-4DBD-9A42-C32B0257119C}.Release|Any CPU.ActiveCfg = Release|Any CPU
		{2AFF60EE-11C7-4DBD-9A42-C32B0257119C}.Release|Any CPU.Build.0 = Release|Any CPU
		{5FFA559B-5F0F-4744-B12B-45D08F7A824B}.Debug|Any CPU.ActiveCfg = Debug|Any CPU
		{5FFA559B-5F0F-4744-B12B-45D08F7A824B}.Debug|Any CPU.Build.0 = Debug|Any CPU
		{5FFA559B-5F0F-4744-B12B-45D08F7A824B}.Release|Any CPU.ActiveCfg = Release|Any CPU
		{5FFA559B-5F0F-4744-B12B-45D08F7A824B}.Release|Any CPU.Build.0 = Release|Any CPU
	EndGlobalSection
	GlobalSection(SolutionProperties) = preSolution
		HideSolutionNode = FALSE
	EndGlobalSection
	GlobalSection(ExtensibilityGlobals) = postSolution
		SolutionGuid = {09512D13-9A39-4E00-B097-FA2D4D4F5995}
	EndGlobalSection
EndGlobal
